
Microsoft Visual Studio Solution File, Format Version 11.00
# Visual Studio 2010
Project("{FAE04EC0-301F-11D3-BF4B-00C04F79EFBC}") = "Captured Outer variable", "Captured Outer variable\Captured Outer variable.csproj", "{51D6AE95-966A-429F-A238-97CDAB9E5987}"
EndProject
Global
	GlobalSection(SolutionConfigurationPlatforms) = preSolution
		Debug|x86 = Debug|x86
		Release|x86 = Release|x86
	EndGlobalSection
	GlobalSection(ProjectConfigurationPlatforms) = postSolution
		{51D6AE95-966A-429F-A238-97CDAB9E5987}.Debug|x86.ActiveCfg = Debug|x86
		{51D6AE95-966A-429F-A238-97CDAB9E5987}.Debug|x86.Build.0 = Debug|x86
		{51D6AE95-966A-429F-A238-97CDAB9E5987}.Release|x86.ActiveCfg = Release|x86
		{51D6AE95-966A-429F-A238-97CDAB9E5987}.Release|x86.Build.0 = Release|x86
	EndGlobalSection
	GlobalSection(SolutionProperties) = preSolution
		HideSolutionNode = FALSE
	EndGlobalSection
EndGlobal
