
Microsoft Visual Studio Solution File, Format Version 11.00
# Visual Studio 2010
Project("{FAE04EC0-301F-11D3-BF4B-00C04F79EFBC}") = "Threads1", "Threads1\Threads1.csproj", "{D6B3A015-72D6-4AD9-A9F1-1E02DD79D886}"
EndProject
Global
	GlobalSection(SolutionConfigurationPlatforms) = preSolution
		Debug|x86 = Debug|x86
		Release|x86 = Release|x86
	EndGlobalSection
	GlobalSection(ProjectConfigurationPlatforms) = postSolution
		{D6B3A015-72D6-4AD9-A9F1-1E02DD79D886}.Debug|x86.ActiveCfg = Debug|x86
		{D6B3A015-72D6-4AD9-A9F1-1E02DD79D886}.Debug|x86.Build.0 = Debug|x86
		{D6B3A015-72D6-4AD9-A9F1-1E02DD79D886}.Release|x86.ActiveCfg = Release|x86
		{D6B3A015-72D6-4AD9-A9F1-1E02DD79D886}.Release|x86.Build.0 = Release|x86
	EndGlobalSection
	GlobalSection(SolutionProperties) = preSolution
		HideSolutionNode = FALSE
	EndGlobalSection
EndGlobal
