
Microsoft Visual Studio Solution File, Format Version 11.00
# Visual Studio 2010
Project("{FAE04EC0-301F-11D3-BF4B-00C04F79EFBC}") = "Rethrowing an Exception", "Rethrowing an Exception\Rethrowing an Exception.csproj", "{AA2D2541-D1C5-490B-B4A8-023C4F9BFAD3}"
EndProject
Global
	GlobalSection(SolutionConfigurationPlatforms) = preSolution
		Debug|x86 = Debug|x86
		Release|x86 = Release|x86
	EndGlobalSection
	GlobalSection(ProjectConfigurationPlatforms) = postSolution
		{AA2D2541-D1C5-490B-B4A8-023C4F9BFAD3}.Debug|x86.ActiveCfg = Debug|x86
		{AA2D2541-D1C5-490B-B4A8-023C4F9BFAD3}.Debug|x86.Build.0 = Debug|x86
		{AA2D2541-D1C5-490B-B4A8-023C4F9BFAD3}.Release|x86.ActiveCfg = Release|x86
		{AA2D2541-D1C5-490B-B4A8-023C4F9BFAD3}.Release|x86.Build.0 = Release|x86
	EndGlobalSection
	GlobalSection(SolutionProperties) = preSolution
		HideSolutionNode = FALSE
	EndGlobalSection
EndGlobal
