
Microsoft Visual Studio Solution File, Format Version 11.00
# Visual Studio 2010
Project("{FAE04EC0-301F-11D3-BF4B-00C04F79EFBC}") = "WritingHTTPServer", "WritingHTTPServer\WritingHTTPServer.csproj", "{B007708B-E417-4BB5-93DB-DFC9E8EBF838}"
EndProject
Global
	GlobalSection(SolutionConfigurationPlatforms) = preSolution
		Debug|x86 = Debug|x86
		Release|x86 = Release|x86
	EndGlobalSection
	GlobalSection(ProjectConfigurationPlatforms) = postSolution
		{B007708B-E417-4BB5-93DB-DFC9E8EBF838}.Debug|x86.ActiveCfg = Debug|x86
		{B007708B-E417-4BB5-93DB-DFC9E8EBF838}.Debug|x86.Build.0 = Debug|x86
		{B007708B-E417-4BB5-93DB-DFC9E8EBF838}.Release|x86.ActiveCfg = Release|x86
		{B007708B-E417-4BB5-93DB-DFC9E8EBF838}.Release|x86.Build.0 = Release|x86
	EndGlobalSection
	GlobalSection(SolutionProperties) = preSolution
		HideSolutionNode = FALSE
	EndGlobalSection
EndGlobal
